
Microsoft Visual Studio Solution File, Format Version 12.00
# Visual Studio Version 16
VisualStudioVersion = 16.0.29911.84
MinimumVisualStudioVersion = 10.0.40219.1
Project("{9A19103F-16F7-4668-BE54-9A1E7A4F7556}") = "DesktopUniversalFrame", "DesktopUniversalFrame\DesktopUniversalFrame.csproj", "{B693E9C5-54A0-485D-942D-EA8F78C07B6D}"
EndProject
Project("{54435603-DBB4-11D2-8724-00A0C9A8B90C}") = "UniversalFrameAppInstalled", "UniversalFrameAppInstalled\UniversalFrameAppInstalled.vdproj", "{F69C8720-DEFC-4444-A337-3A179F4F4AC5}"
EndProject
Project("{FAE04EC0-301F-11D3-BF4B-00C04F79EFBC}") = "AutoUpdatedApp", "AutoUpdatedApp\AutoUpdatedApp.csproj", "{AB52C050-D343-4AF5-B43D-4039F9F69442}"
EndProject
Global
	GlobalSection(SolutionConfigurationPlatforms) = preSolution
		Debug|Any CPU = Debug|Any CPU
		Release|Any CPU = Release|Any CPU
	EndGlobalSection
	GlobalSection(ProjectConfigurationPlatforms) = postSolution
		{B693E9C5-54A0-485D-942D-EA8F78C07B6D}.Debug|Any CPU.ActiveCfg = Debug|Any CPU
		{B693E9C5-54A0-485D-942D-EA8F78C07B6D}.Debug|Any CPU.Build.0 = Debug|Any CPU
		{B693E9C5-54A0-485D-942D-EA8F78C07B6D}.Release|Any CPU.ActiveCfg = Release|Any CPU
		{B693E9C5-54A0-485D-942D-EA8F78C07B6D}.Release|Any CPU.Build.0 = Release|Any CPU
		{F69C8720-DEFC-4444-A337-3A179F4F4AC5}.Debug|Any CPU.ActiveCfg = Debug
		{F69C8720-DEFC-4444-A337-3A179F4F4AC5}.Release|Any CPU.ActiveCfg = Release
		{AB52C050-D343-4AF5-B43D-4039F9F69442}.Debug|Any CPU.ActiveCfg = Debug|Any CPU
		{AB52C050-D343-4AF5-B43D-4039F9F69442}.Debug|Any CPU.Build.0 = Debug|Any CPU
		{AB52C050-D343-4AF5-B43D-4039F9F69442}.Release|Any CPU.ActiveCfg = Release|Any CPU
		{AB52C050-D343-4AF5-B43D-4039F9F69442}.Release|Any CPU.Build.0 = Release|Any CPU
	EndGlobalSection
	GlobalSection(SolutionProperties) = preSolution
		HideSolutionNode = FALSE
	EndGlobalSection
	GlobalSection(ExtensibilityGlobals) = postSolution
		SolutionGuid = {C3D26269-741B-47BA-9441-3033A46F8DBA}
	EndGlobalSection
EndGlobal
